// !$*UTF8*$!
{
	archiveVersion = 1;
	classes = {
	};
	objectVersion = 52;
	objects = {

/* Begin PBXBuildFile section */
		C11D5EDC261E88C700965A9D /* PersistenceManager.swift in Sources */ = {isa = PBXBuildFile; fileRef = C11D5EDB261E88C700965A9D /* PersistenceManager.swift */; };
		C11D5EDE261E98E600965A9D /* HUDViewController.swift in Sources */ = {isa = PBXBuildFile; fileRef = C11D5EDD261E98E600965A9D /* HUDViewController.swift */; };
		C11D5EE3261EB10100965A9D /* FavoritesViewController.swift in Sources */ = {isa = PBXBuildFile; fileRef = C11D5EE2261EB10100965A9D /* FavoritesViewController.swift */; };
		C11D5EE5261EB1A200965A9D /* FavoritesLogicController.swift in Sources */ = {isa = PBXBuildFile; fileRef = C11D5EE4261EB1A200965A9D /* FavoritesLogicController.swift */; };
		C11D5EE7261EB20D00965A9D /* FavoritesDataSource.swift in Sources */ = {isa = PBXBuildFile; fileRef = C11D5EE6261EB20D00965A9D /* FavoritesDataSource.swift */; };
		C121921E264AE49400E3F6E6 /* ListCollectionReusableView.swift in Sources */ = {isa = PBXBuildFile; fileRef = C121921C264AE49400E3F6E6 /* ListCollectionReusableView.swift */; };
		C121921F264AE49400E3F6E6 /* ListCollectionReusableView.xib in Resources */ = {isa = PBXBuildFile; fileRef = C121921D264AE49400E3F6E6 /* ListCollectionReusableView.xib */; };
		C1418640261DE3F800808EAB /* Constants.swift in Sources */ = {isa = PBXBuildFile; fileRef = C141863F261DE3F800808EAB /* Constants.swift */; };
		C1418645261DEDB700808EAB /* DetailOverviewCollectionViewCell.swift in Sources */ = {isa = PBXBuildFile; fileRef = C1418643261DEDB700808EAB /* DetailOverviewCollectionViewCell.swift */; };
		C1418646261DEDB700808EAB /* DetailOverviewCollectionViewCell.xib in Resources */ = {isa = PBXBuildFile; fileRef = C1418644261DEDB700808EAB /* DetailOverviewCollectionViewCell.xib */; };
		C141864C261DFB9500808EAB /* NibInitable.swift in Sources */ = {isa = PBXBuildFile; fileRef = C141864B261DFB9500808EAB /* NibInitable.swift */; };
		C1418650261DFBD500808EAB /* AnyBundleable.swift in Sources */ = {isa = PBXBuildFile; fileRef = C141864F261DFBD500808EAB /* AnyBundleable.swift */; };
		C14AAAE526BA4E80001418A5 /* EmptyStateView.swift in Sources */ = {isa = PBXBuildFile; fileRef = C14AAAE426BA4E80001418A5 /* EmptyStateView.swift */; };
		C1615CCD261696110052918D /* AppDelegate.swift in Sources */ = {isa = PBXBuildFile; fileRef = C1615CCC261696110052918D /* AppDelegate.swift */; };
		C1615CCF261696110052918D /* SceneDelegate.swift in Sources */ = {isa = PBXBuildFile; fileRef = C1615CCE261696110052918D /* SceneDelegate.swift */; };
		C1615CD1261696110052918D /* ListViewController.swift in Sources */ = {isa = PBXBuildFile; fileRef = C1615CD0261696110052918D /* ListViewController.swift */; };
		C1615CD4261696110052918D /* Main.storyboard in Resources */ = {isa = PBXBuildFile; fileRef = C1615CD2261696110052918D /* Main.storyboard */; };
		C1615CD6261696120052918D /* Assets.xcassets in Resources */ = {isa = PBXBuildFile; fileRef = C1615CD5261696120052918D /* Assets.xcassets */; };
		C1615CD9261696120052918D /* LaunchScreen.storyboard in Resources */ = {isa = PBXBuildFile; fileRef = C1615CD7261696120052918D /* LaunchScreen.storyboard */; };
		C1615CE6261697B00052918D /* ListDataSource.swift in Sources */ = {isa = PBXBuildFile; fileRef = C1615CE5261697B00052918D /* ListDataSource.swift */; };
		C1615CEB261698590052918D /* ListCollectionViewCell.swift in Sources */ = {isa = PBXBuildFile; fileRef = C1615CE9261698590052918D /* ListCollectionViewCell.swift */; };
		C1615CEC261698590052918D /* ListCollectionViewCell.xib in Resources */ = {isa = PBXBuildFile; fileRef = C1615CEA261698590052918D /* ListCollectionViewCell.xib */; };
		C1615CF1261699680052918D /* NetworkManager.swift in Sources */ = {isa = PBXBuildFile; fileRef = C1615CF0261699680052918D /* NetworkManager.swift */; };
		C1615CF5261699C90052918D /* ListLogicController.swift in Sources */ = {isa = PBXBuildFile; fileRef = C1615CF4261699C90052918D /* ListLogicController.swift */; };
		C1615D462616C6990052918D /* ResponseResultExample.swift in Sources */ = {isa = PBXBuildFile; fileRef = C1615D452616C6990052918D /* ResponseResultExample.swift */; };
		C1615D492616C6E60052918D /* Movie.swift in Sources */ = {isa = PBXBuildFile; fileRef = C1615D482616C6E60052918D /* Movie.swift */; };
		C1615D662617081E0052918D /* NetworkError.swift in Sources */ = {isa = PBXBuildFile; fileRef = C1615D652617081E0052918D /* NetworkError.swift */; };
		C1615D81261716C00052918D /* Nuke in Frameworks */ = {isa = PBXBuildFile; productRef = C1615D80261716C00052918D /* Nuke */; };
		C1792A58261E783800D9AD5E /* MovieDetailModelController.swift in Sources */ = {isa = PBXBuildFile; fileRef = C1792A57261E783800D9AD5E /* MovieDetailModelController.swift */; };
		C1A3051D261D4687002DC30F /* DetailViewController.swift in Sources */ = {isa = PBXBuildFile; fileRef = C1A3051B261D4687002DC30F /* DetailViewController.swift */; };
		C1A3051E261D4687002DC30F /* DetailViewController.xib in Resources */ = {isa = PBXBuildFile; fileRef = C1A3051C261D4687002DC30F /* DetailViewController.xib */; };
		C1A30523261D48A1002DC30F /* UIViewController+Extensions.swift in Sources */ = {isa = PBXBuildFile; fileRef = C1A30522261D48A1002DC30F /* UIViewController+Extensions.swift */; };
		C1A30526261D48C9002DC30F /* LoadingViewController.swift in Sources */ = {isa = PBXBuildFile; fileRef = C1A30525261D48C9002DC30F /* LoadingViewController.swift */; };
		C1A3052A261D4CE4002DC30F /* DataLoadingVC.swift in Sources */ = {isa = PBXBuildFile; fileRef = C1A30529261D4CE4002DC30F /* DataLoadingVC.swift */; };
		C1A3052D261D6A06002DC30F /* DetailLogicController.swift in Sources */ = {isa = PBXBuildFile; fileRef = C1A3052C261D6A06002DC30F /* DetailLogicController.swift */; };
		C1A30530261D8DB0002DC30F /* Genre.swift in Sources */ = {isa = PBXBuildFile; fileRef = C1A3052F261D8DB0002DC30F /* Genre.swift */; };
		C1A30535261DA736002DC30F /* DetailTopInfoCollectionViewCell.swift in Sources */ = {isa = PBXBuildFile; fileRef = C1A30533261DA736002DC30F /* DetailTopInfoCollectionViewCell.swift */; };
		C1A30536261DA736002DC30F /* DetailTopInfoCollectionViewCell.xib in Resources */ = {isa = PBXBuildFile; fileRef = C1A30534261DA736002DC30F /* DetailTopInfoCollectionViewCell.xib */; };
		C1A30539261DAB63002DC30F /* DetailDataSource.swift in Sources */ = {isa = PBXBuildFile; fileRef = C1A30538261DAB63002DC30F /* DetailDataSource.swift */; };
		C1F6C2BD262AF61900A76943 /* CustomNavigationController.swift in Sources */ = {isa = PBXBuildFile; fileRef = C1F6C2BC262AF61900A76943 /* CustomNavigationController.swift */; };
/* End PBXBuildFile section */

/* Begin PBXFileReference section */
		C11D5EDB261E88C700965A9D /* PersistenceManager.swift */ = {isa = PBXFileReference; lastKnownFileType = sourcecode.swift; path = PersistenceManager.swift; sourceTree = "<group>"; };
		C11D5EDD261E98E600965A9D /* HUDViewController.swift */ = {isa = PBXFileReference; lastKnownFileType = sourcecode.swift; path = HUDViewController.swift; sourceTree = "<group>"; };
		C11D5EE2261EB10100965A9D /* FavoritesViewController.swift */ = {isa = PBXFileReference; lastKnownFileType = sourcecode.swift; path = FavoritesViewController.swift; sourceTree = "<group>"; };
		C11D5EE4261EB1A200965A9D /* FavoritesLogicController.swift */ = {isa = PBXFileReference; lastKnownFileType = sourcecode.swift; path = FavoritesLogicController.swift; sourceTree = "<group>"; };
		C11D5EE6261EB20D00965A9D /* FavoritesDataSource.swift */ = {isa = PBXFileReference; lastKnownFileType = sourcecode.swift; path = FavoritesDataSource.swift; sourceTree = "<group>"; };
		C121921C264AE49400E3F6E6 /* ListCollectionReusableView.swift */ = {isa = PBXFileReference; lastKnownFileType = sourcecode.swift; path = ListCollectionReusableView.swift; sourceTree = "<group>"; };
		C121921D264AE49400E3F6E6 /* ListCollectionReusableView.xib */ = {isa = PBXFileReference; lastKnownFileType = file.xib; path = ListCollectionReusableView.xib; sourceTree = "<group>"; };
		C141863F261DE3F800808EAB /* Constants.swift */ = {isa = PBXFileReference; lastKnownFileType = sourcecode.swift; path = Constants.swift; sourceTree = "<group>"; };
		C1418643261DEDB700808EAB /* DetailOverviewCollectionViewCell.swift */ = {isa = PBXFileReference; lastKnownFileType = sourcecode.swift; path = DetailOverviewCollectionViewCell.swift; sourceTree = "<group>"; };
		C1418644261DEDB700808EAB /* DetailOverviewCollectionViewCell.xib */ = {isa = PBXFileReference; lastKnownFileType = file.xib; path = DetailOverviewCollectionViewCell.xib; sourceTree = "<group>"; };
		C141864B261DFB9500808EAB /* NibInitable.swift */ = {isa = PBXFileReference; lastKnownFileType = sourcecode.swift; path = NibInitable.swift; sourceTree = "<group>"; };
		C141864F261DFBD500808EAB /* AnyBundleable.swift */ = {isa = PBXFileReference; lastKnownFileType = sourcecode.swift; path = AnyBundleable.swift; sourceTree = "<group>"; };
		C14AAAE426BA4E80001418A5 /* EmptyStateView.swift */ = {isa = PBXFileReference; lastKnownFileType = sourcecode.swift; path = EmptyStateView.swift; sourceTree = "<group>"; };
		C1615CC9261696110052918D /* BetterMVC.app */ = {isa = PBXFileReference; explicitFileType = wrapper.application; includeInIndex = 0; path = BetterMVC.app; sourceTree = BUILT_PRODUCTS_DIR; };
		C1615CCC261696110052918D /* AppDelegate.swift */ = {isa = PBXFileReference; lastKnownFileType = sourcecode.swift; path = AppDelegate.swift; sourceTree = "<group>"; };
		C1615CCE261696110052918D /* SceneDelegate.swift */ = {isa = PBXFileReference; lastKnownFileType = sourcecode.swift; path = SceneDelegate.swift; sourceTree = "<group>"; };
		C1615CD0261696110052918D /* ListViewController.swift */ = {isa = PBXFileReference; lastKnownFileType = sourcecode.swift; path = ListViewController.swift; sourceTree = "<group>"; };
		C1615CD3261696110052918D /* Base */ = {isa = PBXFileReference; lastKnownFileType = file.storyboard; name = Base; path = Base.lproj/Main.storyboard; sourceTree = "<group>"; };
		C1615CD5261696120052918D /* Assets.xcassets */ = {isa = PBXFileReference; lastKnownFileType = folder.assetcatalog; path = Assets.xcassets; sourceTree = "<group>"; };
		C1615CD8261696120052918D /* Base */ = {isa = PBXFileReference; lastKnownFileType = file.storyboard; name = Base; path = Base.lproj/LaunchScreen.storyboard; sourceTree = "<group>"; };
		C1615CDA261696120052918D /* Info.plist */ = {isa = PBXFileReference; lastKnownFileType = text.plist.xml; path = Info.plist; sourceTree = "<group>"; };
		C1615CE5261697B00052918D /* ListDataSource.swift */ = {isa = PBXFileReference; lastKnownFileType = sourcecode.swift; path = ListDataSource.swift; sourceTree = "<group>"; };
		C1615CE9261698590052918D /* ListCollectionViewCell.swift */ = {isa = PBXFileReference; lastKnownFileType = sourcecode.swift; path = ListCollectionViewCell.swift; sourceTree = "<group>"; };
		C1615CEA261698590052918D /* ListCollectionViewCell.xib */ = {isa = PBXFileReference; lastKnownFileType = file.xib; path = ListCollectionViewCell.xib; sourceTree = "<group>"; };
		C1615CF0261699680052918D /* NetworkManager.swift */ = {isa = PBXFileReference; lastKnownFileType = sourcecode.swift; path = NetworkManager.swift; sourceTree = "<group>"; };
		C1615CF4261699C90052918D /* ListLogicController.swift */ = {isa = PBXFileReference; lastKnownFileType = sourcecode.swift; path = ListLogicController.swift; sourceTree = "<group>"; };
		C1615D452616C6990052918D /* ResponseResultExample.swift */ = {isa = PBXFileReference; lastKnownFileType = sourcecode.swift; path = ResponseResultExample.swift; sourceTree = "<group>"; };
		C1615D482616C6E60052918D /* Movie.swift */ = {isa = PBXFileReference; lastKnownFileType = sourcecode.swift; path = Movie.swift; sourceTree = "<group>"; };
		C1615D652617081E0052918D /* NetworkError.swift */ = {isa = PBXFileReference; lastKnownFileType = sourcecode.swift; path = NetworkError.swift; sourceTree = "<group>"; };
		C1792A57261E783800D9AD5E /* MovieDetailModelController.swift */ = {isa = PBXFileReference; lastKnownFileType = sourcecode.swift; path = MovieDetailModelController.swift; sourceTree = "<group>"; };
		C1A3051B261D4687002DC30F /* DetailViewController.swift */ = {isa = PBXFileReference; lastKnownFileType = sourcecode.swift; path = DetailViewController.swift; sourceTree = "<group>"; };
		C1A3051C261D4687002DC30F /* DetailViewController.xib */ = {isa = PBXFileReference; lastKnownFileType = file.xib; path = DetailViewController.xib; sourceTree = "<group>"; };
		C1A30522261D48A1002DC30F /* UIViewController+Extensions.swift */ = {isa = PBXFileReference; lastKnownFileType = sourcecode.swift; path = "UIViewController+Extensions.swift"; sourceTree = "<group>"; };
		C1A30525261D48C9002DC30F /* LoadingViewController.swift */ = {isa = PBXFileReference; lastKnownFileType = sourcecode.swift; path = LoadingViewController.swift; sourceTree = "<group>"; };
		C1A30529261D4CE4002DC30F /* DataLoadingVC.swift */ = {isa = PBXFileReference; lastKnownFileType = sourcecode.swift; path = DataLoadingVC.swift; sourceTree = "<group>"; };
		C1A3052C261D6A06002DC30F /* DetailLogicController.swift */ = {isa = PBXFileReference; lastKnownFileType = sourcecode.swift; path = DetailLogicController.swift; sourceTree = "<group>"; };
		C1A3052F261D8DB0002DC30F /* Genre.swift */ = {isa = PBXFileReference; lastKnownFileType = sourcecode.swift; path = Genre.swift; sourceTree = "<group>"; };
		C1A30533261DA736002DC30F /* DetailTopInfoCollectionViewCell.swift */ = {isa = PBXFileReference; lastKnownFileType = sourcecode.swift; path = DetailTopInfoCollectionViewCell.swift; sourceTree = "<group>"; };
		C1A30534261DA736002DC30F /* DetailTopInfoCollectionViewCell.xib */ = {isa = PBXFileReference; lastKnownFileType = file.xib; path = DetailTopInfoCollectionViewCell.xib; sourceTree = "<group>"; };
		C1A30538261DAB63002DC30F /* DetailDataSource.swift */ = {isa = PBXFileReference; lastKnownFileType = sourcecode.swift; path = DetailDataSource.swift; sourceTree = "<group>"; };
		C1F6C2BC262AF61900A76943 /* CustomNavigationController.swift */ = {isa = PBXFileReference; lastKnownFileType = sourcecode.swift; path = CustomNavigationController.swift; sourceTree = "<group>"; };
/* End PBXFileReference section */

/* Begin PBXFrameworksBuildPhase section */
		C1615CC6261696110052918D /* Frameworks */ = {
			isa = PBXFrameworksBuildPhase;
			buildActionMask = 2147483647;
			files = (
				C1615D81261716C00052918D /* Nuke in Frameworks */,
			);
			runOnlyForDeploymentPostprocessing = 0;
		};
/* End PBXFrameworksBuildPhase section */

/* Begin PBXGroup section */
		C11D5EDA261E88B400965A9D /* Manager */ = {
			isa = PBXGroup;
			children = (
				C11D5EDB261E88C700965A9D /* PersistenceManager.swift */,
			);
			path = Manager;
			sourceTree = "<group>";
		};
		C11D5EDF261EB0DD00965A9D /* Favorites */ = {
			isa = PBXGroup;
			children = (
				C11D5EE1261EB0EF00965A9D /* View */,
				C11D5EE0261EB0E700965A9D /* Logic */,
				C11D5EE2261EB10100965A9D /* FavoritesViewController.swift */,
				C11D5EE6261EB20D00965A9D /* FavoritesDataSource.swift */,
			);
			path = Favorites;
			sourceTree = "<group>";
		};
		C11D5EE0261EB0E700965A9D /* Logic */ = {
			isa = PBXGroup;
			children = (
				C11D5EE4261EB1A200965A9D /* FavoritesLogicController.swift */,
			);
			path = Logic;
			sourceTree = "<group>";
		};
		C11D5EE1261EB0EF00965A9D /* View */ = {
			isa = PBXGroup;
			children = (
			);
			path = View;
			sourceTree = "<group>";
		};
		C141864A261DFB8700808EAB /* Protocol */ = {
			isa = PBXGroup;
			children = (
				C141864B261DFB9500808EAB /* NibInitable.swift */,
				C141864F261DFBD500808EAB /* AnyBundleable.swift */,
			);
			path = Protocol;
			sourceTree = "<group>";
		};
		C1615CC0261696110052918D = {
			isa = PBXGroup;
			children = (
				C1615CCB261696110052918D /* BetterMVC */,
				C1615CCA261696110052918D /* Products */,
			);
			sourceTree = "<group>";
		};
		C1615CCA261696110052918D /* Products */ = {
			isa = PBXGroup;
			children = (
				C1615CC9261696110052918D /* BetterMVC.app */,
			);
			name = Products;
			sourceTree = "<group>";
		};
		C1615CCB261696110052918D /* BetterMVC */ = {
			isa = PBXGroup;
			children = (
				C11D5EDA261E88B400965A9D /* Manager */,
				C141864A261DFB8700808EAB /* Protocol */,
				C1A30528261D4CD7002DC30F /* Custom Views */,
				C1A30521261D4893002DC30F /* Extensions */,
				C1A30520261D477A002DC30F /* Utilities */,
				C1615D83261717510052918D /* Activities */,
				C1615CF826169A020052918D /* Model */,
				C1615CEF2616995B0052918D /* Network */,
				C1615CCC261696110052918D /* AppDelegate.swift */,
				C1615CCE261696110052918D /* SceneDelegate.swift */,
				C1615CD2261696110052918D /* Main.storyboard */,
				C1615CD5261696120052918D /* Assets.xcassets */,
				C1615CD7261696120052918D /* LaunchScreen.storyboard */,
				C1615CDA261696120052918D /* Info.plist */,
				C12C7663262ABA8F00CE46B9 /* Constants.swift */,
			);
			path = BetterMVC;
			sourceTree = "<group>";
		};
		C1615CE22616964E0052918D /* List */ = {
			isa = PBXGroup;
			children = (
				C1615CF3261699BF0052918D /* Logic */,
				C1615CE82616984D0052918D /* View */,
				C1615CD0261696110052918D /* ListViewController.swift */,
				C1615CE5261697B00052918D /* ListDataSource.swift */,
			);
			path = List;
			sourceTree = "<group>";
		};
		C1615CE82616984D0052918D /* View */ = {
			isa = PBXGroup;
			children = (
				C1615CE9261698590052918D /* ListCollectionViewCell.swift */,
				C1615CEA261698590052918D /* ListCollectionViewCell.xib */,
				C121921C264AE49400E3F6E6 /* ListCollectionReusableView.swift */,
				C121921D264AE49400E3F6E6 /* ListCollectionReusableView.xib */,
			);
			path = View;
			sourceTree = "<group>";
		};
		C1615CEF2616995B0052918D /* Network */ = {
			isa = PBXGroup;
			children = (
				C1615D652617081E0052918D /* NetworkError.swift */,
				C1615CF0261699680052918D /* NetworkManager.swift */,
			);
			path = Network;
			sourceTree = "<group>";
		};
		C1615CF3261699BF0052918D /* Logic */ = {
			isa = PBXGroup;
			children = (
				C1615CF4261699C90052918D /* ListLogicController.swift */,
			);
			path = Logic;
			sourceTree = "<group>";
		};
		C1615CF826169A020052918D /* Model */ = {
			isa = PBXGroup;
			children = (
				C1615D452616C6990052918D /* ResponseResultExample.swift */,
				C1615D482616C6E60052918D /* Movie.swift */,
				C1A3052F261D8DB0002DC30F /* Genre.swift */,
				C1792A57261E783800D9AD5E /* MovieDetailModelController.swift */,
			);
			path = Model;
			sourceTree = "<group>";
		};
		C1615D83261717510052918D /* Activities */ = {
			isa = PBXGroup;
			children = (
				C1615CE22616964E0052918D /* List */,
				C1A30518261D464A002DC30F /* Detail */,
				C11D5EDF261EB0DD00965A9D /* Favorites */,
			);
			path = Activities;
			sourceTree = "<group>";
		};
		C1A30518261D464A002DC30F /* Detail */ = {
			isa = PBXGroup;
			children = (
				C1A30519261D4651002DC30F /* Logic */,
				C1A3051A261D4657002DC30F /* View */,
				C1A3051B261D4687002DC30F /* DetailViewController.swift */,
				C1A3051C261D4687002DC30F /* DetailViewController.xib */,
				C1A30538261DAB63002DC30F /* DetailDataSource.swift */,
			);
			path = Detail;
			sourceTree = "<group>";
		};
		C1A30519261D4651002DC30F /* Logic */ = {
			isa = PBXGroup;
			children = (
				C1A3052C261D6A06002DC30F /* DetailLogicController.swift */,
			);
			path = Logic;
			sourceTree = "<group>";
		};
		C1A3051A261D4657002DC30F /* View */ = {
			isa = PBXGroup;
			children = (
				C1A30533261DA736002DC30F /* DetailTopInfoCollectionViewCell.swift */,
				C1A30534261DA736002DC30F /* DetailTopInfoCollectionViewCell.xib */,
				C1418643261DEDB700808EAB /* DetailOverviewCollectionViewCell.swift */,
				C1418644261DEDB700808EAB /* DetailOverviewCollectionViewCell.xib */,
			);
			path = View;
			sourceTree = "<group>";
		};
		C1A30520261D477A002DC30F /* Utilities */ = {
			isa = PBXGroup;
			children = (
				C1A30525261D48C9002DC30F /* LoadingViewController.swift */,
				C11D5EDD261E98E600965A9D /* HUDViewController.swift */,
			);
			path = Utilities;
			sourceTree = "<group>";
		};
		C1A30521261D4893002DC30F /* Extensions */ = {
			isa = PBXGroup;
			children = (
				C1A30522261D48A1002DC30F /* UIViewController+Extensions.swift */,
			);
			path = Extensions;
			sourceTree = "<group>";
		};
		C1A30528261D4CD7002DC30F /* Custom Views */ = {
			isa = PBXGroup;
			children = (
				C1A30529261D4CE4002DC30F /* DataLoadingVC.swift */,
				C14AAAE426BA4E80001418A5 /* EmptyStateView.swift */,
				C1F6C2BC262AF61900A76943 /* CustomNavigationController.swift */,
			);
			path = "Custom Views";
			sourceTree = "<group>";
		};
/* End PBXGroup section */

/* Begin PBXNativeTarget section */
		C1615CC8261696110052918D /* BetterMVC */ = {
			isa = PBXNativeTarget;
			buildConfigurationList = C1615CDD261696120052918D /* Build configuration list for PBXNativeTarget "BetterMVC" */;
			buildPhases = (
				C1615CC5261696110052918D /* Sources */,
				C1615CC6261696110052918D /* Frameworks */,
				C1615CC7261696110052918D /* Resources */,
			);
			buildRules = (
			);
			dependencies = (
			);
			name = BetterMVC;
			packageProductDependencies = (
				C1615D80261716C00052918D /* Nuke */,
			);
			productName = BetterMVC;
			productReference = C1615CC9261696110052918D /* BetterMVC.app */;
			productType = "com.apple.product-type.application";
		};
/* End PBXNativeTarget section */

/* Begin PBXProject section */
		C1615CC1261696110052918D /* Project object */ = {
			isa = PBXProject;
			attributes = {
				LastSwiftUpdateCheck = 1240;
				LastUpgradeCheck = 1240;
				TargetAttributes = {
					C1615CC8261696110052918D = {
						CreatedOnToolsVersion = 12.4;
					};
				};
			};
			buildConfigurationList = C1615CC4261696110052918D /* Build configuration list for PBXProject "BetterMVC" */;
			compatibilityVersion = "Xcode 9.3";
			developmentRegion = en;
			hasScannedForEncodings = 0;
			knownRegions = (
				en,
				Base,
			);
			mainGroup = C1615CC0261696110052918D;
			packageReferences = (
				C1615D7F261716C00052918D /* XCRemoteSwiftPackageReference "Nuke" */,
			);
			productRefGroup = C1615CCA261696110052918D /* Products */;
			projectDirPath = "";
			projectRoot = "";
			targets = (
				C1615CC8261696110052918D /* BetterMVC */,
			);
		};
/* End PBXProject section */

/* Begin PBXResourcesBuildPhase section */
		C1615CC7261696110052918D /* Resources */ = {
			isa = PBXResourcesBuildPhase;
			buildActionMask = 2147483647;
			files = (
				C1615CD9261696120052918D /* LaunchScreen.storyboard in Resources */,
				C1615CD6261696120052918D /* Assets.xcassets in Resources */,
				C1A3051E261D4687002DC30F /* DetailViewController.xib in Resources */,
				C1615CEC261698590052918D /* ListCollectionViewCell.xib in Resources */,
				C1615CD4261696110052918D /* Main.storyboard in Resources */,
				C121921F264AE49400E3F6E6 /* ListCollectionReusableView.xib in Resources */,
				C1A30536261DA736002DC30F /* DetailTopInfoCollectionViewCell.xib in Resources */,
				C1418646261DEDB700808EAB /* DetailOverviewCollectionViewCell.xib in Resources */,
			);
			runOnlyForDeploymentPostprocessing = 0;
		};
/* End PBXResourcesBuildPhase section */

/* Begin PBXSourcesBuildPhase section */
		C1615CC5261696110052918D /* Sources */ = {
			isa = PBXSourcesBuildPhase;
			buildActionMask = 2147483647;
			files = (
				C11D5EE3261EB10100965A9D /* FavoritesViewController.swift in Sources */,
				C1615CF1261699680052918D /* NetworkManager.swift in Sources */,
				C1418650261DFBD500808EAB /* AnyBundleable.swift in Sources */,
				C11D5EDC261E88C700965A9D /* PersistenceManager.swift in Sources */,
				C12C7664262ABA8F00CE46B9 /* Constants.swift in Sources */,
				C1615CD1261696110052918D /* ListViewController.swift in Sources */,
				C1A30523261D48A1002DC30F /* UIViewController+Extensions.swift in Sources */,
				C1615CF5261699C90052918D /* ListLogicController.swift in Sources */,
				C1F6C2BD262AF61900A76943 /* CustomNavigationController.swift in Sources */,
				C1A3051D261D4687002DC30F /* DetailViewController.swift in Sources */,
				C1A30535261DA736002DC30F /* DetailTopInfoCollectionViewCell.swift in Sources */,
				C1615CEB261698590052918D /* ListCollectionViewCell.swift in Sources */,
				C1615CCD261696110052918D /* AppDelegate.swift in Sources */,
				C14AAAE526BA4E80001418A5 /* EmptyStateView.swift in Sources */,
				C1A30526261D48C9002DC30F /* LoadingViewController.swift in Sources */,
				C1418645261DEDB700808EAB /* DetailOverviewCollectionViewCell.swift in Sources */,
				C1615D462616C6990052918D /* ResponseResultExample.swift in Sources */,
				C141864C261DFB9500808EAB /* NibInitable.swift in Sources */,
				C1792A58261E783800D9AD5E /* MovieDetailModelController.swift in Sources */,
				C1615CE6261697B00052918D /* ListDataSource.swift in Sources */,
				C11D5EE5261EB1A200965A9D /* FavoritesLogicController.swift in Sources */,
				C1A30530261D8DB0002DC30F /* Genre.swift in Sources */,
				C1A30539261DAB63002DC30F /* DetailDataSource.swift in Sources */,
				C1615CCF261696110052918D /* SceneDelegate.swift in Sources */,
				C11D5EE7261EB20D00965A9D /* FavoritesDataSource.swift in Sources */,
				C1A3052D261D6A06002DC30F /* DetailLogicController.swift in Sources */,
				C1615D492616C6E60052918D /* Movie.swift in Sources */,
				C121921E264AE49400E3F6E6 /* ListCollectionReusableView.swift in Sources */,
				C1A3052A261D4CE4002DC30F /* DataLoadingVC.swift in Sources */,
				C1615D662617081E0052918D /* NetworkError.swift in Sources */,
				C11D5EDE261E98E600965A9D /* HUDViewController.swift in Sources */,
			);
			runOnlyForDeploymentPostprocessing = 0;
		};
/* End PBXSourcesBuildPhase section */

/* Begin PBXVariantGroup section */
		C1615CD2261696110052918D /* Main.storyboard */ = {
			isa = PBXVariantGroup;
			children = (
				C1615CD3261696110052918D /* Base */,
			);
			name = Main.storyboard;
			sourceTree = "<group>";
		};
		C1615CD7261696120052918D /* LaunchScreen.storyboard */ = {
			isa = PBXVariantGroup;
			children = (
				C1615CD8261696120052918D /* Base */,
			);
			name = LaunchScreen.storyboard;
			sourceTree = "<group>";
		};
/* End PBXVariantGroup section */

/* Begin XCBuildConfiguration section */
		C1615CDB261696120052918D /* Debug */ = {
			isa = XCBuildConfiguration;
			buildSettings = {
				ALWAYS_SEARCH_USER_PATHS = NO;
				CLANG_ANALYZER_NONNULL = YES;
				CLANG_ANALYZER_NUMBER_OBJECT_CONVERSION = YES_AGGRESSIVE;
				CLANG_CXX_LANGUAGE_STANDARD = "gnu++14";
				CLANG_CXX_LIBRARY = "libc++";
				CLANG_ENABLE_MODULES = YES;
				CLANG_ENABLE_OBJC_ARC = YES;
				CLANG_ENABLE_OBJC_WEAK = YES;
				CLANG_WARN_BLOCK_CAPTURE_AUTORELEASING = YES;
				CLANG_WARN_BOOL_CONVERSION = YES;
				CLANG_WARN_COMMA = YES;
				CLANG_WARN_CONSTANT_CONVERSION = YES;
				CLANG_WARN_DEPRECATED_OBJC_IMPLEMENTATIONS = YES;
				CLANG_WARN_DIRECT_OBJC_ISA_USAGE = YES_ERROR;
				CLANG_WARN_DOCUMENTATION_COMMENTS = YES;
				CLANG_WARN_EMPTY_BODY = YES;
				CLANG_WARN_ENUM_CONVERSION = YES;
				CLANG_WARN_INFINITE_RECURSION = YES;
				CLANG_WARN_INT_CONVERSION = YES;
				CLANG_WARN_NON_LITERAL_NULL_CONVERSION = YES;
				CLANG_WARN_OBJC_IMPLICIT_RETAIN_SELF = YES;
				CLANG_WARN_OBJC_LITERAL_CONVERSION = YES;
				CLANG_WARN_OBJC_ROOT_CLASS = YES_ERROR;
				CLANG_WARN_QUOTED_INCLUDE_IN_FRAMEWORK_HEADER = YES;
				CLANG_WARN_RANGE_LOOP_ANALYSIS = YES;
				CLANG_WARN_STRICT_PROTOTYPES = YES;
				CLANG_WARN_SUSPICIOUS_MOVE = YES;
				CLANG_WARN_UNGUARDED_AVAILABILITY = YES_AGGRESSIVE;
				CLANG_WARN_UNREACHABLE_CODE = YES;
				CLANG_WARN__DUPLICATE_METHOD_MATCH = YES;
				COPY_PHASE_STRIP = NO;
				DEBUG_INFORMATION_FORMAT = dwarf;
				ENABLE_STRICT_OBJC_MSGSEND = YES;
				ENABLE_TESTABILITY = YES;
				GCC_C_LANGUAGE_STANDARD = gnu11;
				GCC_DYNAMIC_NO_PIC = NO;
				GCC_NO_COMMON_BLOCKS = YES;
				GCC_OPTIMIZATION_LEVEL = 0;
				GCC_PREPROCESSOR_DEFINITIONS = (
					"DEBUG=1",
					"$(inherited)",
				);
				GCC_WARN_64_TO_32_BIT_CONVERSION = YES;
				GCC_WARN_ABOUT_RETURN_TYPE = YES_ERROR;
				GCC_WARN_UNDECLARED_SELECTOR = YES;
				GCC_WARN_UNINITIALIZED_AUTOS = YES_AGGRESSIVE;
				GCC_WARN_UNUSED_FUNCTION = YES;
				GCC_WARN_UNUSED_VARIABLE = YES;
				IPHONEOS_DEPLOYMENT_TARGET = 14.4;
				MTL_ENABLE_DEBUG_INFO = INCLUDE_SOURCE;
				MTL_FAST_MATH = YES;
				ONLY_ACTIVE_ARCH = YES;
				SDKROOT = iphoneos;
				SWIFT_ACTIVE_COMPILATION_CONDITIONS = DEBUG;
				SWIFT_OPTIMIZATION_LEVEL = "-Onone";
			};
			name = Debug;
		};
		C1615CDC261696120052918D /* Release */ = {
			isa = XCBuildConfiguration;
			buildSettings = {
				ALWAYS_SEARCH_USER_PATHS = NO;
				CLANG_ANALYZER_NONNULL = YES;
				CLANG_ANALYZER_NUMBER_OBJECT_CONVERSION = YES_AGGRESSIVE;
				CLANG_CXX_LANGUAGE_STANDARD = "gnu++14";
				CLANG_CXX_LIBRARY = "libc++";
				CLANG_ENABLE_MODULES = YES;
				CLANG_ENABLE_OBJC_ARC = YES;
				CLANG_ENABLE_OBJC_WEAK = YES;
				CLANG_WARN_BLOCK_CAPTURE_AUTORELEASING = YES;
				CLANG_WARN_BOOL_CONVERSION = YES;
				CLANG_WARN_COMMA = YES;
				CLANG_WARN_CONSTANT_CONVERSION = YES;
				CLANG_WARN_DEPRECATED_OBJC_IMPLEMENTATIONS = YES;
				CLANG_WARN_DIRECT_OBJC_ISA_USAGE = YES_ERROR;
				CLANG_WARN_DOCUMENTATION_COMMENTS = YES;
				CLANG_WARN_EMPTY_BODY = YES;
				CLANG_WARN_ENUM_CONVERSION = YES;
				CLANG_WARN_INFINITE_RECURSION = YES;
				CLANG_WARN_INT_CONVERSION = YES;
				CLANG_WARN_NON_LITERAL_NULL_CONVERSION = YES;
				CLANG_WARN_OBJC_IMPLICIT_RETAIN_SELF = YES;
				CLANG_WARN_OBJC_LITERAL_CONVERSION = YES;
				CLANG_WARN_OBJC_ROOT_CLASS = YES_ERROR;
				CLANG_WARN_QUOTED_INCLUDE_IN_FRAMEWORK_HEADER = YES;
				CLANG_WARN_RANGE_LOOP_ANALYSIS = YES;
				CLANG_WARN_STRICT_PROTOTYPES = YES;
				CLANG_WARN_SUSPICIOUS_MOVE = YES;
				CLANG_WARN_UNGUARDED_AVAILABILITY = YES_AGGRESSIVE;
				CLANG_WARN_UNREACHABLE_CODE = YES;
				CLANG_WARN__DUPLICATE_METHOD_MATCH = YES;
				COPY_PHASE_STRIP = NO;
				DEBUG_INFORMATION_FORMAT = "dwarf-with-dsym";
				ENABLE_NS_ASSERTIONS = NO;
				ENABLE_STRICT_OBJC_MSGSEND = YES;
				GCC_C_LANGUAGE_STANDARD = gnu11;
				GCC_NO_COMMON_BLOCKS = YES;
				GCC_WARN_64_TO_32_BIT_CONVERSION = YES;
				GCC_WARN_ABOUT_RETURN_TYPE = YES_ERROR;
				GCC_WARN_UNDECLARED_SELECTOR = YES;
				GCC_WARN_UNINITIALIZED_AUTOS = YES_AGGRESSIVE;
				GCC_WARN_UNUSED_FUNCTION = YES;
				GCC_WARN_UNUSED_VARIABLE = YES;
				IPHONEOS_DEPLOYMENT_TARGET = 14.4;
				MTL_ENABLE_DEBUG_INFO = NO;
				MTL_FAST_MATH = YES;
				SDKROOT = iphoneos;
				SWIFT_COMPILATION_MODE = wholemodule;
				SWIFT_OPTIMIZATION_LEVEL = "-O";
				VALIDATE_PRODUCT = YES;
			};
			name = Release;
		};
		C1615CDE261696120052918D /* Debug */ = {
			isa = XCBuildConfiguration;
			buildSettings = {
				ASSETCATALOG_COMPILER_APPICON_NAME = AppIcon;
				ASSETCATALOG_COMPILER_GLOBAL_ACCENT_COLOR_NAME = AccentColor;
				CODE_SIGN_STYLE = Automatic;
				DEVELOPMENT_TEAM = F9Y6SPBV9F;
				INFOPLIST_FILE = BetterMVC/Info.plist;
				LD_RUNPATH_SEARCH_PATHS = (
					"$(inherited)",
					"@executable_path/Frameworks",
				);
				PRODUCT_BUNDLE_IDENTIFIER = me.jhk.BetterMVC;
				PRODUCT_NAME = "$(TARGET_NAME)";
				SWIFT_VERSION = 5.0;
				TARGETED_DEVICE_FAMILY = "1,2";
			};
			name = Debug;
		};
		C1615CDF261696120052918D /* Release */ = {
			isa = XCBuildConfiguration;
			buildSettings = {
				ASSETCATALOG_COMPILER_APPICON_NAME = AppIcon;
				ASSETCATALOG_COMPILER_GLOBAL_ACCENT_COLOR_NAME = AccentColor;
				CODE_SIGN_STYLE = Automatic;
				DEVELOPMENT_TEAM = F9Y6SPBV9F;
				INFOPLIST_FILE = BetterMVC/Info.plist;
				LD_RUNPATH_SEARCH_PATHS = (
					"$(inherited)",
					"@executable_path/Frameworks",
				);
				PRODUCT_BUNDLE_IDENTIFIER = me.jhk.BetterMVC;
				PRODUCT_NAME = "$(TARGET_NAME)";
				SWIFT_VERSION = 5.0;
				TARGETED_DEVICE_FAMILY = "1,2";
			};
			name = Release;
		};
/* End XCBuildConfiguration section */

/* Begin XCConfigurationList section */
		C1615CC4261696110052918D /* Build configuration list for PBXProject "BetterMVC" */ = {
			isa = XCConfigurationList;
			buildConfigurations = (
				C1615CDB261696120052918D /* Debug */,
				C1615CDC261696120052918D /* Release */,
			);
			defaultConfigurationIsVisible = 0;
			defaultConfigurationName = Release;
		};
		C1615CDD261696120052918D /* Build configuration list for PBXNativeTarget "BetterMVC" */ = {
			isa = XCConfigurationList;
			buildConfigurations = (
				C1615CDE261696120052918D /* Debug */,
				C1615CDF261696120052918D /* Release */,
			);
			defaultConfigurationIsVisible = 0;
			defaultConfigurationName = Release;
		};
/* End XCConfigurationList section */

/* Begin XCRemoteSwiftPackageReference section */
		C1615D7F261716C00052918D /* XCRemoteSwiftPackageReference "Nuke" */ = {
			isa = XCRemoteSwiftPackageReference;
			repositoryURL = "https://github.com/kean/Nuke.git";
			requirement = {
				kind = upToNextMajorVersion;
				minimumVersion = 9.4.1;
			};
		};
/* End XCRemoteSwiftPackageReference section */

/* Begin XCSwiftPackageProductDependency section */
		C1615D80261716C00052918D /* Nuke */ = {
			isa = XCSwiftPackageProductDependency;
			package = C1615D7F261716C00052918D /* XCRemoteSwiftPackageReference "Nuke" */;
			productName = Nuke;
		};
/* End XCSwiftPackageProductDependency section */
	};
	rootObject = C1615CC1261696110052918D /* Project object */;
}
