{
  "pins" : [
    {
      "identity" : "ios-tools",
      "kind" : "remoteSourceControl",
      "location" : "https://github.com/imjhk03/ios-tools",
      "state" : {
        "branch" : "feature/add-reusable",
        "revision" : "8e9373a4fd6f304e655a1fe8f1e8ff963af6d50d"
      }
    },
    {
      "identity" : "nuke",
      "kind" : "remoteSourceControl",
      "location" : "https://github.com/kean/Nuke.git",
      "state" : {
        "revision" : "7f73ceaeacd5df75a7994cd82e165ad9ff1815db",
        "version" : "9.6.1"
      }
    }
  ],
  "version" : 2
}
